
Microsoft Visual Studio Solution File, Format Version 12.00
# Visual Studio Version 17
VisualStudioVersion = 17.14.36414.22 d17.14
MinimumVisualStudioVersion = 10.0.40219.1
Project("{FAE04EC0-301F-11D3-BF4B-00C04F79EFBC}") = "MECH423Lab6Ex1", "MECH423Lab6Ex1\MECH423Lab6Ex1.csproj", "{13B270C8-0886-4DE1-BBCC-509CEB06A824}"
EndProject
Global
	GlobalSection(SolutionConfigurationPlatforms) = preSolution
		Debug|Any CPU = Debug|Any CPU
		Release|Any CPU = Release|Any CPU
	EndGlobalSection
	GlobalSection(ProjectConfigurationPlatforms) = postSolution
		{13B270C8-0886-4DE1-BBCC-509CEB06A824}.Debug|Any CPU.ActiveCfg = Debug|Any CPU
		{13B270C8-0886-4DE1-BBCC-509CEB06A824}.Debug|Any CPU.Build.0 = Debug|Any CPU
		{13B270C8-0886-4DE1-BBCC-509CEB06A824}.Release|Any CPU.ActiveCfg = Release|Any CPU
		{13B270C8-0886-4DE1-BBCC-509CEB06A824}.Release|Any CPU.Build.0 = Release|Any CPU
	EndGlobalSection
	GlobalSection(SolutionProperties) = preSolution
		HideSolutionNode = FALSE
	EndGlobalSection
	GlobalSection(ExtensibilityGlobals) = postSolution
		SolutionGuid = {1E500C27-9AA2-4CEB-9A88-CE18CBCCBB5F}
	EndGlobalSection
EndGlobal
